
Microsoft Visual Studio Solution File, Format Version 12.00
# Visual Studio 15
VisualStudioVersion = 15.0.27428.2002
MinimumVisualStudioVersion = 10.0.40219.1
Project("{FAE04EC0-301F-11D3-BF4B-00C04F79EFBC}") = "ToDo", "Calendar\ToDo.csproj", "{77102B0B-5E63-4EEC-A2F9-9E0E5D1EF143}"
EndProject
Global
	GlobalSection(SolutionConfigurationPlatforms) = preSolution
		Debug|Any CPU = Debug|Any CPU
		Release|Any CPU = Release|Any CPU
	EndGlobalSection
	GlobalSection(ProjectConfigurationPlatforms) = postSolution
		{77102B0B-5E63-4EEC-A2F9-9E0E5D1EF143}.Debug|Any CPU.ActiveCfg = Debug|Any CPU
		{77102B0B-5E63-4EEC-A2F9-9E0E5D1EF143}.Debug|Any CPU.Build.0 = Debug|Any CPU
		{77102B0B-5E63-4EEC-A2F9-9E0E5D1EF143}.Release|Any CPU.ActiveCfg = Release|Any CPU
		{77102B0B-5E63-4EEC-A2F9-9E0E5D1EF143}.Release|Any CPU.Build.0 = Release|Any CPU
	EndGlobalSection
	GlobalSection(SolutionProperties) = preSolution
		HideSolutionNode = FALSE
	EndGlobalSection
	GlobalSection(ExtensibilityGlobals) = postSolution
		SolutionGuid = {304F7F21-2426-4459-9ED0-B2BDB2C760A3}
	EndGlobalSection
EndGlobal
